
Microsoft Visual Studio Solution File, Format Version 12.00
# Visual Studio Version 16
VisualStudioVersion = 16.0.29728.190
MinimumVisualStudioVersion = 10.0.40219.1
Project("{FAE04EC0-301F-11D3-BF4B-00C04F79EFBC}") = "OC1_1S2020_P1_201800523", "OC1_1S2020_P1_201800523.csproj", "{222A1AB1-9E0F-416F-867F-673E519487E1}"
EndProject
Global
	GlobalSection(SolutionConfigurationPlatforms) = preSolution
		Debug|Any CPU = Debug|Any CPU
		Release|Any CPU = Release|Any CPU
	EndGlobalSection
	GlobalSection(ProjectConfigurationPlatforms) = postSolution
		{222A1AB1-9E0F-416F-867F-673E519487E1}.Debug|Any CPU.ActiveCfg = Debug|Any CPU
		{222A1AB1-9E0F-416F-867F-673E519487E1}.Debug|Any CPU.Build.0 = Debug|Any CPU
		{222A1AB1-9E0F-416F-867F-673E519487E1}.Release|Any CPU.ActiveCfg = Release|Any CPU
		{222A1AB1-9E0F-416F-867F-673E519487E1}.Release|Any CPU.Build.0 = Release|Any CPU
	EndGlobalSection
	GlobalSection(SolutionProperties) = preSolution
		HideSolutionNode = FALSE
	EndGlobalSection
	GlobalSection(ExtensibilityGlobals) = postSolution
		SolutionGuid = {41C21E31-EF54-4D86-9B4C-E6DC62F5EBF9}
	EndGlobalSection
EndGlobal
